{
  "originHash" : "fc690410effbf55359737cf83c0add783da3de42d2f82b5113f870d8f497bb9a",
  "pins" : [
    {
      "identity" : "locationpickerforswiftui",
      "kind" : "remoteSourceControl",
      "location" : "https://github.com/alessiorubicini/LocationPickerForSwiftUI",
      "state" : {
        "revision" : "d8a6f58df8e4522df4cf40790bbf1416a1b14af0",
        "version" : "2.0.0"
      }
    },
    {
      "identity" : "mcemojipicker",
      "kind" : "remoteSourceControl",
      "location" : "https://github.com/jeanno/MCEmojiPicker",
      "state" : {
        "revision" : "c065ed4c6325054eff4d12d28d738a0f542e80ee",
        "version" : "1.2.6"
      }
    },
    {
      "identity" : "swiftycrop",
      "kind" : "remoteSourceControl",
      "location" : "https://github.com/benedom/SwiftyCrop",
      "state" : {
        "revision" : "62a88adf60eeb1cf27b9b1e18f4cb12ef4887c39",
        "version" : "2.2.1"
      }
    },
    {
      "identity" : "symbolpicker",
      "kind" : "remoteSourceControl",
      "location" : "https://github.com/xnth97/SymbolPicker",
      "state" : {
        "revision" : "da4136a37736de04df11f47ef096efe5557d066a",
        "version" : "1.6.0"
      }
    },
    {
      "identity" : "zipfoundation",
      "kind" : "remoteSourceControl",
      "location" : "https://github.com/weichsel/ZIPFoundation.git",
      "state" : {
        "revision" : "02b6abe5f6eef7e3cbd5f247c5cc24e246efcfe0",
        "version" : "0.9.19"
      }
    }
  ],
  "version" : 3
}
