{
  "originHash" : "e07976d7c2065c8ce773388de56ab3cbbf53b5a35c30cb60a4b6b53e8cb0b1c4",
  "pins" : [
    {
      "identity" : "locationpickerforswiftui",
      "kind" : "remoteSourceControl",
      "location" : "https://github.com/AndrewHanshaw/LocationPickerForSwiftUI",
      "state" : {
        "branch" : "dlh/iOS27",
        "revision" : "4c18a4892528ce5f177d97e37a8101e1db64d688"
      }
    },
    {
      "identity" : "mcemojipicker",
      "kind" : "remoteSourceControl",
      "location" : "https://github.com/jeanno/MCEmojiPicker",
      "state" : {
        "revision" : "c065ed4c6325054eff4d12d28d738a0f542e80ee",
        "version" : "1.2.6"
      }
    },
    {
      "identity" : "swiftycrop",
      "kind" : "remoteSourceControl",
      "location" : "https://github.com/AndrewHanshaw/SwiftyCrop/",
      "state" : {
        "branch" : "dlh/iOS27",
        "revision" : "14996ebe84198e62bc5cbb8616259e2fb2ec3153"
      }
    },
    {
      "identity" : "symbolpicker",
      "kind" : "remoteSourceControl",
      "location" : "https://github.com/xnth97/SymbolPicker",
      "state" : {
        "revision" : "da4136a37736de04df11f47ef096efe5557d066a",
        "version" : "1.6.0"
      }
    },
    {
      "identity" : "zipfoundation",
      "kind" : "remoteSourceControl",
      "location" : "https://github.com/weichsel/ZIPFoundation.git",
      "state" : {
        "revision" : "02b6abe5f6eef7e3cbd5f247c5cc24e246efcfe0",
        "version" : "0.9.19"
      }
    }
  ],
  "version" : 3
}
